
Microsoft Visual Studio Solution File, Format Version 12.00
# Visual Studio Version 16
VisualStudioVersion = 16.0.31105.61
MinimumVisualStudioVersion = 10.0.40219.1
Project("{FAE04EC0-301F-11D3-BF4B-00C04F79EFBC}") = "Day005AllInputs", "Day005AllInputs.csproj", "{65E2461D-79F3-4EAE-90FD-1E688E206DA2}"
EndProject
Global
	GlobalSection(SolutionConfigurationPlatforms) = preSolution
		Debug|Any CPU = Debug|Any CPU
		Release|Any CPU = Release|Any CPU
	EndGlobalSection
	GlobalSection(ProjectConfigurationPlatforms) = postSolution
		{65E2461D-79F3-4EAE-90FD-1E688E206DA2}.Debug|Any CPU.ActiveCfg = Debug|Any CPU
		{65E2461D-79F3-4EAE-90FD-1E688E206DA2}.Debug|Any CPU.Build.0 = Debug|Any CPU
		{65E2461D-79F3-4EAE-90FD-1E688E206DA2}.Release|Any CPU.ActiveCfg = Release|Any CPU
		{65E2461D-79F3-4EAE-90FD-1E688E206DA2}.Release|Any CPU.Build.0 = Release|Any CPU
	EndGlobalSection
	GlobalSection(SolutionProperties) = preSolution
		HideSolutionNode = FALSE
	EndGlobalSection
	GlobalSection(ExtensibilityGlobals) = postSolution
		SolutionGuid = {1D868474-28C4-40CA-94A1-7358609D2A74}
	EndGlobalSection
EndGlobal
