
Microsoft Visual Studio Solution File, Format Version 12.00
# Visual Studio Version 16
VisualStudioVersion = 16.0.31105.61
MinimumVisualStudioVersion = 10.0.40219.1
Project("{FAE04EC0-301F-11D3-BF4B-00C04F79EFBC}") = "Day001PeopleArray", "Day001PeopleArray.csproj", "{F9F3425D-2A50-4D3A-87DF-051FC86C78A5}"
EndProject
Project("{FAE04EC0-301F-11D3-BF4B-00C04F79EFBC}") = "Day001PeopleListInfile", "..\Day001PeopleListInfile\Day001PeopleListInfile.csproj", "{2EDE046A-23A0-41FB-B7C0-EE151FD87F38}"
EndProject
Global
	GlobalSection(SolutionConfigurationPlatforms) = preSolution
		Debug|Any CPU = Debug|Any CPU
		Release|Any CPU = Release|Any CPU
	EndGlobalSection
	GlobalSection(ProjectConfigurationPlatforms) = postSolution
		{F9F3425D-2A50-4D3A-87DF-051FC86C78A5}.Debug|Any CPU.ActiveCfg = Debug|Any CPU
		{F9F3425D-2A50-4D3A-87DF-051FC86C78A5}.Debug|Any CPU.Build.0 = Debug|Any CPU
		{F9F3425D-2A50-4D3A-87DF-051FC86C78A5}.Release|Any CPU.ActiveCfg = Release|Any CPU
		{F9F3425D-2A50-4D3A-87DF-051FC86C78A5}.Release|Any CPU.Build.0 = Release|Any CPU
		{2EDE046A-23A0-41FB-B7C0-EE151FD87F38}.Debug|Any CPU.ActiveCfg = Debug|Any CPU
		{2EDE046A-23A0-41FB-B7C0-EE151FD87F38}.Debug|Any CPU.Build.0 = Debug|Any CPU
		{2EDE046A-23A0-41FB-B7C0-EE151FD87F38}.Release|Any CPU.ActiveCfg = Release|Any CPU
		{2EDE046A-23A0-41FB-B7C0-EE151FD87F38}.Release|Any CPU.Build.0 = Release|Any CPU
	EndGlobalSection
	GlobalSection(SolutionProperties) = preSolution
		HideSolutionNode = FALSE
	EndGlobalSection
	GlobalSection(ExtensibilityGlobals) = postSolution
		SolutionGuid = {C90541CE-DC0D-4F6B-87E2-6371B03FE522}
	EndGlobalSection
EndGlobal
