
Microsoft Visual Studio Solution File, Format Version 12.00
# Visual Studio Version 16
VisualStudioVersion = 16.0.31105.61
MinimumVisualStudioVersion = 10.0.40219.1
Project("{FAE04EC0-301F-11D3-BF4B-00C04F79EFBC}") = "Day005TempConverter", "Day005TempConverter.csproj", "{17EDC96F-5BBD-48AC-8288-4268C83BDD73}"
EndProject
Global
	GlobalSection(SolutionConfigurationPlatforms) = preSolution
		Debug|Any CPU = Debug|Any CPU
		Release|Any CPU = Release|Any CPU
	EndGlobalSection
	GlobalSection(ProjectConfigurationPlatforms) = postSolution
		{17EDC96F-5BBD-48AC-8288-4268C83BDD73}.Debug|Any CPU.ActiveCfg = Debug|Any CPU
		{17EDC96F-5BBD-48AC-8288-4268C83BDD73}.Debug|Any CPU.Build.0 = Debug|Any CPU
		{17EDC96F-5BBD-48AC-8288-4268C83BDD73}.Release|Any CPU.ActiveCfg = Release|Any CPU
		{17EDC96F-5BBD-48AC-8288-4268C83BDD73}.Release|Any CPU.Build.0 = Release|Any CPU
	EndGlobalSection
	GlobalSection(SolutionProperties) = preSolution
		HideSolutionNode = FALSE
	EndGlobalSection
	GlobalSection(ExtensibilityGlobals) = postSolution
		SolutionGuid = {709D2EF5-3915-4823-9FCE-6FC134F750E8}
	EndGlobalSection
EndGlobal
