
Microsoft Visual Studio Solution File, Format Version 12.00
# Visual Studio Version 16
VisualStudioVersion = 16.0.31112.23
MinimumVisualStudioVersion = 10.0.40219.1
Project("{FAE04EC0-301F-11D3-BF4B-00C04F79EFBC}") = "Day009TodoDialog", "Day009TodoDialog.csproj", "{8C91BAEC-E9AF-478A-A00C-AB5F12CB06AA}"
EndProject
Global
	GlobalSection(SolutionConfigurationPlatforms) = preSolution
		Debug|Any CPU = Debug|Any CPU
		Release|Any CPU = Release|Any CPU
	EndGlobalSection
	GlobalSection(ProjectConfigurationPlatforms) = postSolution
		{8C91BAEC-E9AF-478A-A00C-AB5F12CB06AA}.Debug|Any CPU.ActiveCfg = Debug|Any CPU
		{8C91BAEC-E9AF-478A-A00C-AB5F12CB06AA}.Debug|Any CPU.Build.0 = Debug|Any CPU
		{8C91BAEC-E9AF-478A-A00C-AB5F12CB06AA}.Release|Any CPU.ActiveCfg = Release|Any CPU
		{8C91BAEC-E9AF-478A-A00C-AB5F12CB06AA}.Release|Any CPU.Build.0 = Release|Any CPU
	EndGlobalSection
	GlobalSection(SolutionProperties) = preSolution
		HideSolutionNode = FALSE
	EndGlobalSection
	GlobalSection(ExtensibilityGlobals) = postSolution
		SolutionGuid = {218BE0F4-0791-48AF-A7CB-DBD90FC7F4C3}
	EndGlobalSection
EndGlobal
