
Microsoft Visual Studio Solution File, Format Version 12.00
# Visual Studio Version 16
VisualStudioVersion = 16.0.31112.23
MinimumVisualStudioVersion = 10.0.40219.1
Project("{FAE04EC0-301F-11D3-BF4B-00C04F79EFBC}") = "Day011CarOwner", "Day011CarOwner.csproj", "{CBA72D1C-B6AD-48EE-89B7-F5033F9A1BC0}"
EndProject
Global
	GlobalSection(SolutionConfigurationPlatforms) = preSolution
		Debug|Any CPU = Debug|Any CPU
		Release|Any CPU = Release|Any CPU
	EndGlobalSection
	GlobalSection(ProjectConfigurationPlatforms) = postSolution
		{CBA72D1C-B6AD-48EE-89B7-F5033F9A1BC0}.Debug|Any CPU.ActiveCfg = Debug|Any CPU
		{CBA72D1C-B6AD-48EE-89B7-F5033F9A1BC0}.Debug|Any CPU.Build.0 = Debug|Any CPU
		{CBA72D1C-B6AD-48EE-89B7-F5033F9A1BC0}.Release|Any CPU.ActiveCfg = Release|Any CPU
		{CBA72D1C-B6AD-48EE-89B7-F5033F9A1BC0}.Release|Any CPU.Build.0 = Release|Any CPU
	EndGlobalSection
	GlobalSection(SolutionProperties) = preSolution
		HideSolutionNode = FALSE
	EndGlobalSection
	GlobalSection(ExtensibilityGlobals) = postSolution
		SolutionGuid = {1E6ABBE2-F9AE-40D4-B59A-D168B37628EB}
	EndGlobalSection
EndGlobal
