
Microsoft Visual Studio Solution File, Format Version 12.00
# Visual Studio Version 16
VisualStudioVersion = 16.0.31105.61
MinimumVisualStudioVersion = 10.0.40219.1
Project("{FAE04EC0-301F-11D3-BF4B-00C04F79EFBC}") = "Day008Todo", "Day008Todo.csproj", "{205D6656-7E97-4312-BB5A-0013082955FC}"
EndProject
Global
	GlobalSection(SolutionConfigurationPlatforms) = preSolution
		Debug|Any CPU = Debug|Any CPU
		Release|Any CPU = Release|Any CPU
	EndGlobalSection
	GlobalSection(ProjectConfigurationPlatforms) = postSolution
		{205D6656-7E97-4312-BB5A-0013082955FC}.Debug|Any CPU.ActiveCfg = Debug|Any CPU
		{205D6656-7E97-4312-BB5A-0013082955FC}.Debug|Any CPU.Build.0 = Debug|Any CPU
		{205D6656-7E97-4312-BB5A-0013082955FC}.Release|Any CPU.ActiveCfg = Release|Any CPU
		{205D6656-7E97-4312-BB5A-0013082955FC}.Release|Any CPU.Build.0 = Release|Any CPU
	EndGlobalSection
	GlobalSection(SolutionProperties) = preSolution
		HideSolutionNode = FALSE
	EndGlobalSection
	GlobalSection(ExtensibilityGlobals) = postSolution
		SolutionGuid = {F4F1C8F5-B704-4A0D-B124-FF4A47A75F3E}
	EndGlobalSection
EndGlobal
